
Microsoft Visual Studio Solution File, Format Version 12.00
# Visual Studio Version 16
VisualStudioVersion = 16.0.31729.503
MinimumVisualStudioVersion = 10.0.40219.1
Project("{FAE04EC0-301F-11D3-BF4B-00C04F79EFBC}") = "Curso-Csharp", "Curso-Csharp\Curso-Csharp.csproj", "{C4F5EEF3-E00B-42E9-B146-B2EA0643CDA2}"
EndProject
Global
	GlobalSection(SolutionConfigurationPlatforms) = preSolution
		Debug|Any CPU = Debug|Any CPU
		Release|Any CPU = Release|Any CPU
	EndGlobalSection
	GlobalSection(ProjectConfigurationPlatforms) = postSolution
		{C4F5EEF3-E00B-42E9-B146-B2EA0643CDA2}.Debug|Any CPU.ActiveCfg = Debug|Any CPU
		{C4F5EEF3-E00B-42E9-B146-B2EA0643CDA2}.Debug|Any CPU.Build.0 = Debug|Any CPU
		{C4F5EEF3-E00B-42E9-B146-B2EA0643CDA2}.Release|Any CPU.ActiveCfg = Release|Any CPU
		{C4F5EEF3-E00B-42E9-B146-B2EA0643CDA2}.Release|Any CPU.Build.0 = Release|Any CPU
	EndGlobalSection
	GlobalSection(SolutionProperties) = preSolution
		HideSolutionNode = FALSE
	EndGlobalSection
	GlobalSection(ExtensibilityGlobals) = postSolution
		SolutionGuid = {CE39FA32-84A2-459D-A4CD-04507E0B84D4}
	EndGlobalSection
EndGlobal
